
Microsoft Visual Studio Solution File, Format Version 12.00
# Visual Studio Version 17
VisualStudioVersion = 17.1.32319.34
MinimumVisualStudioVersion = 10.0.40219.1
Project("{9A19103F-16F7-4668-BE54-9A1E7A4F7556}") = "VolgaIT2022App5", "VolgaIT2022App5.csproj", "{51B7D781-44FF-4BFC-9652-AE8EE9DAB6DB}"
EndProject
Global
	GlobalSection(SolutionConfigurationPlatforms) = preSolution
		Debug|Any CPU = Debug|Any CPU
		Release|Any CPU = Release|Any CPU
	EndGlobalSection
	GlobalSection(ProjectConfigurationPlatforms) = postSolution
		{51B7D781-44FF-4BFC-9652-AE8EE9DAB6DB}.Debug|Any CPU.ActiveCfg = Debug|Any CPU
		{51B7D781-44FF-4BFC-9652-AE8EE9DAB6DB}.Debug|Any CPU.Build.0 = Debug|Any CPU
		{51B7D781-44FF-4BFC-9652-AE8EE9DAB6DB}.Release|Any CPU.ActiveCfg = Release|Any CPU
		{51B7D781-44FF-4BFC-9652-AE8EE9DAB6DB}.Release|Any CPU.Build.0 = Release|Any CPU
	EndGlobalSection
	GlobalSection(SolutionProperties) = preSolution
		HideSolutionNode = FALSE
	EndGlobalSection
	GlobalSection(ExtensibilityGlobals) = postSolution
		SolutionGuid = {D8C50273-5B48-4803-AC1F-914EBA4C1478}
	EndGlobalSection
EndGlobal
